
Microsoft Visual Studio Solution File, Format Version 12.00
Project("{FAE04EC0-301F-11D3-BF4B-00C04F79EFBC}") = "FileSystem", "FileSystem\FileSystem.csproj", "{6D6C08D0-EDC4-4D41-9F87-4DD9DE865F8F}"
EndProject
Project("{FAE04EC0-301F-11D3-BF4B-00C04F79EFBC}") = "FileSystem.Adapters.AzureFileStorage", "FileSystem.Adapters.AzureFileStorage\FileSystem.Adapters.AzureFileStorage.csproj", "{226327A0-97CF-4885-8C42-434DC79AB077}"
EndProject
Project("{FAE04EC0-301F-11D3-BF4B-00C04F79EFBC}") = "FileSystem.Adapters.Dropbox", "FileSystem.Adapters.Dropbox\FileSystem.Adapters.Dropbox.csproj", "{FA70DD02-3D25-44C6-ACC8-D61BA55F6C6F}"
EndProject
Project("{FAE04EC0-301F-11D3-BF4B-00C04F79EFBC}") = "FileSystem.Adapters.Sftp", "FileSystem.Adapters.Sftp\FileSystem.Adapters.Sftp.csproj", "{DFDEAACC-CCFA-4A78-8E7D-AC61FB1A002D}"
EndProject
Project("{FAE04EC0-301F-11D3-BF4B-00C04F79EFBC}") = "Tests", "Tests\Tests.csproj", "{F18C90D8-F1A2-419E-B3CD-C9B7965583A3}"
EndProject
Project("{FAE04EC0-301F-11D3-BF4B-00C04F79EFBC}") = "TestConsoleApp", "TestConsoleApp\TestConsoleApp.csproj", "{808D9778-452F-4FF9-B3B0-62BD12CE855F}"
EndProject
Project("{FAE04EC0-301F-11D3-BF4B-00C04F79EFBC}") = "TestWebApp", "TestWebApp\TestWebApp.csproj", "{02862E63-1847-4D98-BC33-C1CA73264A77}"
EndProject
Global
	GlobalSection(SolutionConfigurationPlatforms) = preSolution
		Debug|Any CPU = Debug|Any CPU
		Release|Any CPU = Release|Any CPU
	EndGlobalSection
	GlobalSection(ProjectConfigurationPlatforms) = postSolution
		{6D6C08D0-EDC4-4D41-9F87-4DD9DE865F8F}.Debug|Any CPU.ActiveCfg = Debug|Any CPU
		{6D6C08D0-EDC4-4D41-9F87-4DD9DE865F8F}.Debug|Any CPU.Build.0 = Debug|Any CPU
		{6D6C08D0-EDC4-4D41-9F87-4DD9DE865F8F}.Release|Any CPU.ActiveCfg = Release|Any CPU
		{6D6C08D0-EDC4-4D41-9F87-4DD9DE865F8F}.Release|Any CPU.Build.0 = Release|Any CPU
		{226327A0-97CF-4885-8C42-434DC79AB077}.Debug|Any CPU.ActiveCfg = Debug|Any CPU
		{226327A0-97CF-4885-8C42-434DC79AB077}.Debug|Any CPU.Build.0 = Debug|Any CPU
		{226327A0-97CF-4885-8C42-434DC79AB077}.Release|Any CPU.ActiveCfg = Release|Any CPU
		{226327A0-97CF-4885-8C42-434DC79AB077}.Release|Any CPU.Build.0 = Release|Any CPU
		{FA70DD02-3D25-44C6-ACC8-D61BA55F6C6F}.Debug|Any CPU.ActiveCfg = Debug|Any CPU
		{FA70DD02-3D25-44C6-ACC8-D61BA55F6C6F}.Debug|Any CPU.Build.0 = Debug|Any CPU
		{FA70DD02-3D25-44C6-ACC8-D61BA55F6C6F}.Release|Any CPU.ActiveCfg = Release|Any CPU
		{FA70DD02-3D25-44C6-ACC8-D61BA55F6C6F}.Release|Any CPU.Build.0 = Release|Any CPU
		{DFDEAACC-CCFA-4A78-8E7D-AC61FB1A002D}.Debug|Any CPU.ActiveCfg = Debug|Any CPU
		{DFDEAACC-CCFA-4A78-8E7D-AC61FB1A002D}.Debug|Any CPU.Build.0 = Debug|Any CPU
		{DFDEAACC-CCFA-4A78-8E7D-AC61FB1A002D}.Release|Any CPU.ActiveCfg = Release|Any CPU
		{DFDEAACC-CCFA-4A78-8E7D-AC61FB1A002D}.Release|Any CPU.Build.0 = Release|Any CPU
		{F18C90D8-F1A2-419E-B3CD-C9B7965583A3}.Debug|Any CPU.ActiveCfg = Debug|Any CPU
		{F18C90D8-F1A2-419E-B3CD-C9B7965583A3}.Debug|Any CPU.Build.0 = Debug|Any CPU
		{F18C90D8-F1A2-419E-B3CD-C9B7965583A3}.Release|Any CPU.ActiveCfg = Release|Any CPU
		{F18C90D8-F1A2-419E-B3CD-C9B7965583A3}.Release|Any CPU.Build.0 = Release|Any CPU
		{808D9778-452F-4FF9-B3B0-62BD12CE855F}.Debug|Any CPU.ActiveCfg = Debug|Any CPU
		{808D9778-452F-4FF9-B3B0-62BD12CE855F}.Debug|Any CPU.Build.0 = Debug|Any CPU
		{808D9778-452F-4FF9-B3B0-62BD12CE855F}.Release|Any CPU.ActiveCfg = Release|Any CPU
		{808D9778-452F-4FF9-B3B0-62BD12CE855F}.Release|Any CPU.Build.0 = Release|Any CPU
		{02862E63-1847-4D98-BC33-C1CA73264A77}.Debug|Any CPU.ActiveCfg = Debug|Any CPU
		{02862E63-1847-4D98-BC33-C1CA73264A77}.Debug|Any CPU.Build.0 = Debug|Any CPU
		{02862E63-1847-4D98-BC33-C1CA73264A77}.Release|Any CPU.ActiveCfg = Release|Any CPU
		{02862E63-1847-4D98-BC33-C1CA73264A77}.Release|Any CPU.Build.0 = Release|Any CPU
	EndGlobalSection
EndGlobal
